
Microsoft Visual Studio Solution File, Format Version 12.00
# Visual Studio Version 16
VisualStudioVersion = 16.0.30320.27
MinimumVisualStudioVersion = 10.0.40219.1
Project("{8BC9CEB8-8B4A-11D0-8D11-00A0C91BC942}") = "Lesson_4.3_Samples", "Lesson_4.3_Samples.vcxproj", "{0430145E-F9C2-4508-8344-A5AB731D9BCD}"
EndProject
Global
	GlobalSection(SolutionConfigurationPlatforms) = preSolution
		Debug|x64 = Debug|x64
		Debug|x86 = Debug|x86
		Release|x64 = Release|x64
		Release|x86 = Release|x86
	EndGlobalSection
	GlobalSection(ProjectConfigurationPlatforms) = postSolution
		{0430145E-F9C2-4508-8344-A5AB731D9BCD}.Debug|x64.ActiveCfg = Debug|x64
		{0430145E-F9C2-4508-8344-A5AB731D9BCD}.Debug|x64.Build.0 = Debug|x64
		{0430145E-F9C2-4508-8344-A5AB731D9BCD}.Debug|x86.ActiveCfg = Debug|Win32
		{0430145E-F9C2-4508-8344-A5AB731D9BCD}.Debug|x86.Build.0 = Debug|Win32
		{0430145E-F9C2-4508-8344-A5AB731D9BCD}.Release|x64.ActiveCfg = Release|x64
		{0430145E-F9C2-4508-8344-A5AB731D9BCD}.Release|x64.Build.0 = Release|x64
		{0430145E-F9C2-4508-8344-A5AB731D9BCD}.Release|x86.ActiveCfg = Release|Win32
		{0430145E-F9C2-4508-8344-A5AB731D9BCD}.Release|x86.Build.0 = Release|Win32
	EndGlobalSection
	GlobalSection(SolutionProperties) = preSolution
		HideSolutionNode = FALSE
	EndGlobalSection
	GlobalSection(ExtensibilityGlobals) = postSolution
		SolutionGuid = {D88CFD30-70E3-4ACA-91FB-4F63CDA9FD30}
	EndGlobalSection
EndGlobal
